
Microsoft Visual Studio Solution File, Format Version 12.00
# Visual Studio Version 17
VisualStudioVersion = 17.9.34616.47
MinimumVisualStudioVersion = 10.0.40219.1
Project("{FAE04EC0-301F-11D3-BF4B-00C04F79EFBC}") = "TerceiroDesafio", "TerceiroDesafio\TerceiroDesafio.csproj", "{E0FAB5D1-56A0-4EBF-8CC4-45C8FE3FD9A5}"
EndProject
Global
	GlobalSection(SolutionConfigurationPlatforms) = preSolution
		Debug|Any CPU = Debug|Any CPU
		Release|Any CPU = Release|Any CPU
	EndGlobalSection
	GlobalSection(ProjectConfigurationPlatforms) = postSolution
		{E0FAB5D1-56A0-4EBF-8CC4-45C8FE3FD9A5}.Debug|Any CPU.ActiveCfg = Debug|Any CPU
		{E0FAB5D1-56A0-4EBF-8CC4-45C8FE3FD9A5}.Debug|Any CPU.Build.0 = Debug|Any CPU
		{E0FAB5D1-56A0-4EBF-8CC4-45C8FE3FD9A5}.Release|Any CPU.ActiveCfg = Release|Any CPU
		{E0FAB5D1-56A0-4EBF-8CC4-45C8FE3FD9A5}.Release|Any CPU.Build.0 = Release|Any CPU
	EndGlobalSection
	GlobalSection(SolutionProperties) = preSolution
		HideSolutionNode = FALSE
	EndGlobalSection
	GlobalSection(ExtensibilityGlobals) = postSolution
		SolutionGuid = {40CDAFA2-0008-4297-931A-6A1A4986B55C}
	EndGlobalSection
EndGlobal
